
Microsoft Visual Studio Solution File, Format Version 12.00
# Visual Studio 2013
VisualStudioVersion = 12.0.21005.1
MinimumVisualStudioVersion = 10.0.40219.1
Project("{159641D6-6404-4A2A-AE62-294DE0FE8301}") = "ExtraindoDadosTXT", "ExtraindoDadosTXT\ExtraindoDadosTXT.dtproj", "{17ED54B5-C244-4888-A8E7-B111FADD1D8D}"
EndProject
Global
	GlobalSection(SolutionConfigurationPlatforms) = preSolution
		Development|Default = Development|Default
	EndGlobalSection
	GlobalSection(ProjectConfigurationPlatforms) = postSolution
		{17ED54B5-C244-4888-A8E7-B111FADD1D8D}.Development|Default.ActiveCfg = Development
		{17ED54B5-C244-4888-A8E7-B111FADD1D8D}.Development|Default.Build.0 = Development
	EndGlobalSection
	GlobalSection(SolutionProperties) = preSolution
		HideSolutionNode = FALSE
	EndGlobalSection
EndGlobal
