
Microsoft Visual Studio Solution File, Format Version 12.00
# Visual Studio 2013
VisualStudioVersion = 12.0.21005.1
MinimumVisualStudioVersion = 10.0.40219.1
Project("{159641D6-6404-4A2A-AE62-294DE0FE8301}") = "CriandoConexoesSSIS", "CriandoConexoesSSIS\CriandoConexoesSSIS.dtproj", "{CA29117E-1852-468B-A956-3BA93CA96D08}"
EndProject
Global
	GlobalSection(SolutionConfigurationPlatforms) = preSolution
		Development|Default = Development|Default
	EndGlobalSection
	GlobalSection(ProjectConfigurationPlatforms) = postSolution
		{CA29117E-1852-468B-A956-3BA93CA96D08}.Development|Default.ActiveCfg = Development
		{CA29117E-1852-468B-A956-3BA93CA96D08}.Development|Default.Build.0 = Development
	EndGlobalSection
	GlobalSection(SolutionProperties) = preSolution
		HideSolutionNode = FALSE
	EndGlobalSection
EndGlobal
